
Microsoft Visual Studio Solution File, Format Version 12.00
# Visual Studio 15
VisualStudioVersion = 15.0.28307.271
MinimumVisualStudioVersion = 10.0.40219.1
Project("{FAE04EC0-301F-11D3-BF4B-00C04F79EFBC}") = "BugReport", "BugReport\BugReport.csproj", "{00E45837-697D-45F3-9AFC-9C2C880F636C}"
EndProject
Global
	GlobalSection(SolutionConfigurationPlatforms) = preSolution
		Debug|Any CPU = Debug|Any CPU
		Release|Any CPU = Release|Any CPU
	EndGlobalSection
	GlobalSection(ProjectConfigurationPlatforms) = postSolution
		{00E45837-697D-45F3-9AFC-9C2C880F636C}.Debug|Any CPU.ActiveCfg = Debug|Any CPU
		{00E45837-697D-45F3-9AFC-9C2C880F636C}.Debug|Any CPU.Build.0 = Debug|Any CPU
		{00E45837-697D-45F3-9AFC-9C2C880F636C}.Release|Any CPU.ActiveCfg = Release|Any CPU
		{00E45837-697D-45F3-9AFC-9C2C880F636C}.Release|Any CPU.Build.0 = Release|Any CPU
	EndGlobalSection
	GlobalSection(SolutionProperties) = preSolution
		HideSolutionNode = FALSE
	EndGlobalSection
	GlobalSection(ExtensibilityGlobals) = postSolution
		SolutionGuid = {595E008F-D37A-4BAB-84EB-89200DCE6A88}
	EndGlobalSection
EndGlobal
